
Microsoft Visual Studio Solution File, Format Version 12.00
# Visual Studio Version 17
VisualStudioVersion = 17.13.35913.81 d17.13
MinimumVisualStudioVersion = 10.0.40219.1
Project("{FAE04EC0-301F-11D3-BF4B-00C04F79EFBC}") = "CredWiseAdmin.API", "CredWiseAdmin.API\CredWiseAdmin.API.csproj", "{C3FBA362-AD7D-4AFB-A1A9-759D6E953BC7}"
EndProject
Project("{FAE04EC0-301F-11D3-BF4B-00C04F79EFBC}") = "CredWiseAdmin.Core", "CredWiseAdmin.Core\CredWiseAdmin.Core.csproj", "{F7873A34-2C24-4B64-9D79-BD7341E13B4F}"
EndProject
Project("{FAE04EC0-301F-11D3-BF4B-00C04F79EFBC}") = "CredWiseAdmin.Repository", "CredWiseAdmin.Repository\CredWiseAdmin.Repository.csproj", "{8414349B-1F51-499E-97D2-370F39B0043E}"
EndProject
Project("{FAE04EC0-301F-11D3-BF4B-00C04F79EFBC}") = "CredWiseAdmin.Service", "CredWiseAdmin.Service\CredWiseAdmin.Service.csproj", "{A389D41A-B69E-4FD8-B2B1-18A5C73C235E}"
EndProject
Project("{FAE04EC0-301F-11D3-BF4B-00C04F79EFBC}") = "CredWiseAdmin.Utils", "CredWiseAdmin.Utils\CredWiseAdmin.Utils.csproj", "{1AC84056-50D2-4759-869A-FC8A72798FEE}"
EndProject
Global
	GlobalSection(SolutionConfigurationPlatforms) = preSolution
		Debug|Any CPU = Debug|Any CPU
		Release|Any CPU = Release|Any CPU
	EndGlobalSection
	GlobalSection(ProjectConfigurationPlatforms) = postSolution
		{C3FBA362-AD7D-4AFB-A1A9-759D6E953BC7}.Debug|Any CPU.ActiveCfg = Debug|Any CPU
		{C3FBA362-AD7D-4AFB-A1A9-759D6E953BC7}.Debug|Any CPU.Build.0 = Debug|Any CPU
		{C3FBA362-AD7D-4AFB-A1A9-759D6E953BC7}.Release|Any CPU.ActiveCfg = Release|Any CPU
		{C3FBA362-AD7D-4AFB-A1A9-759D6E953BC7}.Release|Any CPU.Build.0 = Release|Any CPU
		{F7873A34-2C24-4B64-9D79-BD7341E13B4F}.Debug|Any CPU.ActiveCfg = Debug|Any CPU
		{F7873A34-2C24-4B64-9D79-BD7341E13B4F}.Debug|Any CPU.Build.0 = Debug|Any CPU
		{F7873A34-2C24-4B64-9D79-BD7341E13B4F}.Release|Any CPU.ActiveCfg = Release|Any CPU
		{F7873A34-2C24-4B64-9D79-BD7341E13B4F}.Release|Any CPU.Build.0 = Release|Any CPU
		{8414349B-1F51-499E-97D2-370F39B0043E}.Debug|Any CPU.ActiveCfg = Debug|Any CPU
		{8414349B-1F51-499E-97D2-370F39B0043E}.Debug|Any CPU.Build.0 = Debug|Any CPU
		{8414349B-1F51-499E-97D2-370F39B0043E}.Release|Any CPU.ActiveCfg = Release|Any CPU
		{8414349B-1F51-499E-97D2-370F39B0043E}.Release|Any CPU.Build.0 = Release|Any CPU
		{A389D41A-B69E-4FD8-B2B1-18A5C73C235E}.Debug|Any CPU.ActiveCfg = Debug|Any CPU
		{A389D41A-B69E-4FD8-B2B1-18A5C73C235E}.Debug|Any CPU.Build.0 = Debug|Any CPU
		{A389D41A-B69E-4FD8-B2B1-18A5C73C235E}.Release|Any CPU.ActiveCfg = Release|Any CPU
		{A389D41A-B69E-4FD8-B2B1-18A5C73C235E}.Release|Any CPU.Build.0 = Release|Any CPU
		{1AC84056-50D2-4759-869A-FC8A72798FEE}.Debug|Any CPU.ActiveCfg = Debug|Any CPU
		{1AC84056-50D2-4759-869A-FC8A72798FEE}.Debug|Any CPU.Build.0 = Debug|Any CPU
		{1AC84056-50D2-4759-869A-FC8A72798FEE}.Release|Any CPU.ActiveCfg = Release|Any CPU
		{1AC84056-50D2-4759-869A-FC8A72798FEE}.Release|Any CPU.Build.0 = Release|Any CPU
	EndGlobalSection
	GlobalSection(SolutionProperties) = preSolution
		HideSolutionNode = FALSE
	EndGlobalSection
	GlobalSection(ExtensibilityGlobals) = postSolution
		SolutionGuid = {05672F85-E2BB-4E01-9147-7D1D56C2BB0B}
	EndGlobalSection
EndGlobal
